
Microsoft Visual Studio Solution File, Format Version 12.00
# Visual Studio Version 16
VisualStudioVersion = 16.0.35325.158
MinimumVisualStudioVersion = 10.0.40219.1
Project("{FAE04EC0-301F-11D3-BF4B-00C04F79EFBC}") = "uygulama-15", "uygulama-15\uygulama-15.csproj", "{B4075775-E4CA-4EA3-9AB3-CD540DF5CA07}"
EndProject
Global
	GlobalSection(SolutionConfigurationPlatforms) = preSolution
		Debug|Any CPU = Debug|Any CPU
		Release|Any CPU = Release|Any CPU
	EndGlobalSection
	GlobalSection(ProjectConfigurationPlatforms) = postSolution
		{B4075775-E4CA-4EA3-9AB3-CD540DF5CA07}.Debug|Any CPU.ActiveCfg = Debug|Any CPU
		{B4075775-E4CA-4EA3-9AB3-CD540DF5CA07}.Debug|Any CPU.Build.0 = Debug|Any CPU
		{B4075775-E4CA-4EA3-9AB3-CD540DF5CA07}.Release|Any CPU.ActiveCfg = Release|Any CPU
		{B4075775-E4CA-4EA3-9AB3-CD540DF5CA07}.Release|Any CPU.Build.0 = Release|Any CPU
	EndGlobalSection
	GlobalSection(SolutionProperties) = preSolution
		HideSolutionNode = FALSE
	EndGlobalSection
	GlobalSection(ExtensibilityGlobals) = postSolution
		SolutionGuid = {2DB9EC37-E751-4A70-ACD5-9F0B8BC40055}
	EndGlobalSection
EndGlobal
