
Microsoft Visual Studio Solution File, Format Version 12.00
# Visual Studio Version 16
VisualStudioVersion = 16.0.35325.158
MinimumVisualStudioVersion = 10.0.40219.1
Project("{FAE04EC0-301F-11D3-BF4B-00C04F79EFBC}") = "uygulama-20", "uygulama-20\uygulama-20.csproj", "{091B585B-4AB1-4FAF-A05C-2533B97BEA26}"
EndProject
Global
	GlobalSection(SolutionConfigurationPlatforms) = preSolution
		Debug|Any CPU = Debug|Any CPU
		Release|Any CPU = Release|Any CPU
	EndGlobalSection
	GlobalSection(ProjectConfigurationPlatforms) = postSolution
		{091B585B-4AB1-4FAF-A05C-2533B97BEA26}.Debug|Any CPU.ActiveCfg = Debug|Any CPU
		{091B585B-4AB1-4FAF-A05C-2533B97BEA26}.Debug|Any CPU.Build.0 = Debug|Any CPU
		{091B585B-4AB1-4FAF-A05C-2533B97BEA26}.Release|Any CPU.ActiveCfg = Release|Any CPU
		{091B585B-4AB1-4FAF-A05C-2533B97BEA26}.Release|Any CPU.Build.0 = Release|Any CPU
	EndGlobalSection
	GlobalSection(SolutionProperties) = preSolution
		HideSolutionNode = FALSE
	EndGlobalSection
	GlobalSection(ExtensibilityGlobals) = postSolution
		SolutionGuid = {2EF8BDAE-1E41-4E88-BF12-DF998EB74846}
	EndGlobalSection
EndGlobal
