
Microsoft Visual Studio Solution File, Format Version 12.00
# Visual Studio Version 16
VisualStudioVersion = 16.0.35325.158
MinimumVisualStudioVersion = 10.0.40219.1
Project("{FAE04EC0-301F-11D3-BF4B-00C04F79EFBC}") = "uygulama-6", "uygulama-6\uygulama-6.csproj", "{AEE4E7C0-861B-4B34-9AB3-4E5B7302FF29}"
EndProject
Global
	GlobalSection(SolutionConfigurationPlatforms) = preSolution
		Debug|Any CPU = Debug|Any CPU
		Release|Any CPU = Release|Any CPU
	EndGlobalSection
	GlobalSection(ProjectConfigurationPlatforms) = postSolution
		{AEE4E7C0-861B-4B34-9AB3-4E5B7302FF29}.Debug|Any CPU.ActiveCfg = Debug|Any CPU
		{AEE4E7C0-861B-4B34-9AB3-4E5B7302FF29}.Debug|Any CPU.Build.0 = Debug|Any CPU
		{AEE4E7C0-861B-4B34-9AB3-4E5B7302FF29}.Release|Any CPU.ActiveCfg = Release|Any CPU
		{AEE4E7C0-861B-4B34-9AB3-4E5B7302FF29}.Release|Any CPU.Build.0 = Release|Any CPU
	EndGlobalSection
	GlobalSection(SolutionProperties) = preSolution
		HideSolutionNode = FALSE
	EndGlobalSection
	GlobalSection(ExtensibilityGlobals) = postSolution
		SolutionGuid = {906B4673-46C5-49B0-A2F2-8005A44D6B38}
	EndGlobalSection
EndGlobal
